
Microsoft Visual Studio Solution File, Format Version 12.00
# Visual Studio Version 17
VisualStudioVersion = 17.8.34408.163
MinimumVisualStudioVersion = 10.0.40219.1
Project("{FAE04EC0-301F-11D3-BF4B-00C04F79EFBC}") = "Traincrew_Decrease_graph", "Traincrew_Decrease_graph\Traincrew_Decrease_graph.csproj", "{42A2C56E-0B12-4932-AEFC-00191ED4BED8}"
EndProject
Global
	GlobalSection(SolutionConfigurationPlatforms) = preSolution
		Debug|Any CPU = Debug|Any CPU
		Release|Any CPU = Release|Any CPU
	EndGlobalSection
	GlobalSection(ProjectConfigurationPlatforms) = postSolution
		{42A2C56E-0B12-4932-AEFC-00191ED4BED8}.Debug|Any CPU.ActiveCfg = Debug|Any CPU
		{42A2C56E-0B12-4932-AEFC-00191ED4BED8}.Debug|Any CPU.Build.0 = Debug|Any CPU
		{42A2C56E-0B12-4932-AEFC-00191ED4BED8}.Release|Any CPU.ActiveCfg = Release|Any CPU
		{42A2C56E-0B12-4932-AEFC-00191ED4BED8}.Release|Any CPU.Build.0 = Release|Any CPU
	EndGlobalSection
	GlobalSection(SolutionProperties) = preSolution
		HideSolutionNode = FALSE
	EndGlobalSection
	GlobalSection(ExtensibilityGlobals) = postSolution
		SolutionGuid = {75EA80B8-9678-469C-A14C-012013D25F6E}
	EndGlobalSection
EndGlobal
